
Microsoft Visual Studio Solution File, Format Version 12.00
# Visual Studio Version 17
VisualStudioVersion = 17.0.31903.59
MinimumVisualStudioVersion = 10.0.40219.1
Project("{2150E333-8FDC-42A3-9474-1A3956D46DE8}") = "Backend", "Backend", "{1AE8ACA6-933B-BF2A-3671-3E2EAC007D16}"
EndProject
Project("{FAE04EC0-301F-11D3-BF4B-00C04F79EFBC}") = "Api", "Backend\Api\Api.csproj", "{8B1DB6A1-8E06-4722-AE65-92BC6577698C}"
EndProject
Project("{2150E333-8FDC-42A3-9474-1A3956D46DE8}") = "Frontend", "Frontend", "{CE609670-85B9-0D16-FB54-ED063D5D8A6D}"
EndProject
Project("{FAE04EC0-301F-11D3-BF4B-00C04F79EFBC}") = "TaskManager_Client", "Frontend\TaskManager_Client\TaskManager_Client.csproj", "{C6F2AF18-851E-4738-940E-EAB43DE35B18}"
EndProject
Project("{FAE04EC0-301F-11D3-BF4B-00C04F79EFBC}") = "Tests", "Tests\Tests.csproj", "{B2211385-21FA-43DC-AFEB-5564EB213E1F}"
EndProject
Project("{2150E333-8FDC-42A3-9474-1A3956D46DE8}") = "Tests", "Tests", "{C4BA56EF-DB65-492C-AD01-FB5BE4E498BB}"
EndProject
Project("{2150E333-8FDC-42A3-9474-1A3956D46DE8}") = "SolutionItems", "SolutionItems", "{242C0596-57AE-451E-A636-FBBA3F837129}"
	ProjectSection(SolutionItems) = preProject
		docker-compose.yml = docker-compose.yml
	EndProjectSection
EndProject
Project("{FAE04EC0-301F-11D3-BF4B-00C04F79EFBC}") = "Core", "Backend\Core\Core.csproj", "{7CDF97CB-75AD-483E-A381-ECAE31AE0256}"
EndProject
Project("{FAE04EC0-301F-11D3-BF4B-00C04F79EFBC}") = "Infrastructure", "Backend\Infrastructure\Infrastructure.csproj", "{D6B36615-1A4A-4936-AE2C-0D5EA6716CE0}"
EndProject
Project("{FAE04EC0-301F-11D3-BF4B-00C04F79EFBC}") = "Contracts", "Backend\Contracts\Contracts.csproj", "{63DE3954-6176-429F-AA46-FF5037250667}"
EndProject
Global
	GlobalSection(SolutionConfigurationPlatforms) = preSolution
		Debug|Any CPU = Debug|Any CPU
		Debug|x64 = Debug|x64
		Debug|x86 = Debug|x86
		Release|Any CPU = Release|Any CPU
		Release|x64 = Release|x64
		Release|x86 = Release|x86
	EndGlobalSection
	GlobalSection(ProjectConfigurationPlatforms) = postSolution
		{8B1DB6A1-8E06-4722-AE65-92BC6577698C}.Debug|Any CPU.ActiveCfg = Debug|Any CPU
		{8B1DB6A1-8E06-4722-AE65-92BC6577698C}.Debug|Any CPU.Build.0 = Debug|Any CPU
		{8B1DB6A1-8E06-4722-AE65-92BC6577698C}.Debug|x64.ActiveCfg = Debug|Any CPU
		{8B1DB6A1-8E06-4722-AE65-92BC6577698C}.Debug|x64.Build.0 = Debug|Any CPU
		{8B1DB6A1-8E06-4722-AE65-92BC6577698C}.Debug|x86.ActiveCfg = Debug|Any CPU
		{8B1DB6A1-8E06-4722-AE65-92BC6577698C}.Debug|x86.Build.0 = Debug|Any CPU
		{8B1DB6A1-8E06-4722-AE65-92BC6577698C}.Release|Any CPU.ActiveCfg = Release|Any CPU
		{8B1DB6A1-8E06-4722-AE65-92BC6577698C}.Release|Any CPU.Build.0 = Release|Any CPU
		{8B1DB6A1-8E06-4722-AE65-92BC6577698C}.Release|x64.ActiveCfg = Release|Any CPU
		{8B1DB6A1-8E06-4722-AE65-92BC6577698C}.Release|x64.Build.0 = Release|Any CPU
		{8B1DB6A1-8E06-4722-AE65-92BC6577698C}.Release|x86.ActiveCfg = Release|Any CPU
		{8B1DB6A1-8E06-4722-AE65-92BC6577698C}.Release|x86.Build.0 = Release|Any CPU
		{C6F2AF18-851E-4738-940E-EAB43DE35B18}.Debug|Any CPU.ActiveCfg = Debug|Any CPU
		{C6F2AF18-851E-4738-940E-EAB43DE35B18}.Debug|Any CPU.Build.0 = Debug|Any CPU
		{C6F2AF18-851E-4738-940E-EAB43DE35B18}.Debug|x64.ActiveCfg = Debug|Any CPU
		{C6F2AF18-851E-4738-940E-EAB43DE35B18}.Debug|x64.Build.0 = Debug|Any CPU
		{C6F2AF18-851E-4738-940E-EAB43DE35B18}.Debug|x86.ActiveCfg = Debug|Any CPU
		{C6F2AF18-851E-4738-940E-EAB43DE35B18}.Debug|x86.Build.0 = Debug|Any CPU
		{C6F2AF18-851E-4738-940E-EAB43DE35B18}.Release|Any CPU.ActiveCfg = Release|Any CPU
		{C6F2AF18-851E-4738-940E-EAB43DE35B18}.Release|Any CPU.Build.0 = Release|Any CPU
		{C6F2AF18-851E-4738-940E-EAB43DE35B18}.Release|x64.ActiveCfg = Release|Any CPU
		{C6F2AF18-851E-4738-940E-EAB43DE35B18}.Release|x64.Build.0 = Release|Any CPU
		{C6F2AF18-851E-4738-940E-EAB43DE35B18}.Release|x86.ActiveCfg = Release|Any CPU
		{C6F2AF18-851E-4738-940E-EAB43DE35B18}.Release|x86.Build.0 = Release|Any CPU
		{B2211385-21FA-43DC-AFEB-5564EB213E1F}.Debug|Any CPU.ActiveCfg = Debug|Any CPU
		{B2211385-21FA-43DC-AFEB-5564EB213E1F}.Debug|Any CPU.Build.0 = Debug|Any CPU
		{B2211385-21FA-43DC-AFEB-5564EB213E1F}.Debug|x64.ActiveCfg = Debug|Any CPU
		{B2211385-21FA-43DC-AFEB-5564EB213E1F}.Debug|x64.Build.0 = Debug|Any CPU
		{B2211385-21FA-43DC-AFEB-5564EB213E1F}.Debug|x86.ActiveCfg = Debug|Any CPU
		{B2211385-21FA-43DC-AFEB-5564EB213E1F}.Debug|x86.Build.0 = Debug|Any CPU
		{B2211385-21FA-43DC-AFEB-5564EB213E1F}.Release|Any CPU.ActiveCfg = Release|Any CPU
		{B2211385-21FA-43DC-AFEB-5564EB213E1F}.Release|Any CPU.Build.0 = Release|Any CPU
		{B2211385-21FA-43DC-AFEB-5564EB213E1F}.Release|x64.ActiveCfg = Release|Any CPU
		{B2211385-21FA-43DC-AFEB-5564EB213E1F}.Release|x64.Build.0 = Release|Any CPU
		{B2211385-21FA-43DC-AFEB-5564EB213E1F}.Release|x86.ActiveCfg = Release|Any CPU
		{B2211385-21FA-43DC-AFEB-5564EB213E1F}.Release|x86.Build.0 = Release|Any CPU
		{7CDF97CB-75AD-483E-A381-ECAE31AE0256}.Debug|Any CPU.ActiveCfg = Debug|Any CPU
		{7CDF97CB-75AD-483E-A381-ECAE31AE0256}.Debug|Any CPU.Build.0 = Debug|Any CPU
		{7CDF97CB-75AD-483E-A381-ECAE31AE0256}.Debug|x64.ActiveCfg = Debug|Any CPU
		{7CDF97CB-75AD-483E-A381-ECAE31AE0256}.Debug|x64.Build.0 = Debug|Any CPU
		{7CDF97CB-75AD-483E-A381-ECAE31AE0256}.Debug|x86.ActiveCfg = Debug|Any CPU
		{7CDF97CB-75AD-483E-A381-ECAE31AE0256}.Debug|x86.Build.0 = Debug|Any CPU
		{7CDF97CB-75AD-483E-A381-ECAE31AE0256}.Release|Any CPU.ActiveCfg = Release|Any CPU
		{7CDF97CB-75AD-483E-A381-ECAE31AE0256}.Release|Any CPU.Build.0 = Release|Any CPU
		{7CDF97CB-75AD-483E-A381-ECAE31AE0256}.Release|x64.ActiveCfg = Release|Any CPU
		{7CDF97CB-75AD-483E-A381-ECAE31AE0256}.Release|x64.Build.0 = Release|Any CPU
		{7CDF97CB-75AD-483E-A381-ECAE31AE0256}.Release|x86.ActiveCfg = Release|Any CPU
		{7CDF97CB-75AD-483E-A381-ECAE31AE0256}.Release|x86.Build.0 = Release|Any CPU
		{D6B36615-1A4A-4936-AE2C-0D5EA6716CE0}.Debug|Any CPU.ActiveCfg = Debug|Any CPU
		{D6B36615-1A4A-4936-AE2C-0D5EA6716CE0}.Debug|Any CPU.Build.0 = Debug|Any CPU
		{D6B36615-1A4A-4936-AE2C-0D5EA6716CE0}.Debug|x64.ActiveCfg = Debug|Any CPU
		{D6B36615-1A4A-4936-AE2C-0D5EA6716CE0}.Debug|x64.Build.0 = Debug|Any CPU
		{D6B36615-1A4A-4936-AE2C-0D5EA6716CE0}.Debug|x86.ActiveCfg = Debug|Any CPU
		{D6B36615-1A4A-4936-AE2C-0D5EA6716CE0}.Debug|x86.Build.0 = Debug|Any CPU
		{D6B36615-1A4A-4936-AE2C-0D5EA6716CE0}.Release|Any CPU.ActiveCfg = Release|Any CPU
		{D6B36615-1A4A-4936-AE2C-0D5EA6716CE0}.Release|Any CPU.Build.0 = Release|Any CPU
		{D6B36615-1A4A-4936-AE2C-0D5EA6716CE0}.Release|x64.ActiveCfg = Release|Any CPU
		{D6B36615-1A4A-4936-AE2C-0D5EA6716CE0}.Release|x64.Build.0 = Release|Any CPU
		{D6B36615-1A4A-4936-AE2C-0D5EA6716CE0}.Release|x86.ActiveCfg = Release|Any CPU
		{D6B36615-1A4A-4936-AE2C-0D5EA6716CE0}.Release|x86.Build.0 = Release|Any CPU
		{63DE3954-6176-429F-AA46-FF5037250667}.Debug|Any CPU.ActiveCfg = Debug|Any CPU
		{63DE3954-6176-429F-AA46-FF5037250667}.Debug|Any CPU.Build.0 = Debug|Any CPU
		{63DE3954-6176-429F-AA46-FF5037250667}.Debug|x64.ActiveCfg = Debug|Any CPU
		{63DE3954-6176-429F-AA46-FF5037250667}.Debug|x64.Build.0 = Debug|Any CPU
		{63DE3954-6176-429F-AA46-FF5037250667}.Debug|x86.ActiveCfg = Debug|Any CPU
		{63DE3954-6176-429F-AA46-FF5037250667}.Debug|x86.Build.0 = Debug|Any CPU
		{63DE3954-6176-429F-AA46-FF5037250667}.Release|Any CPU.ActiveCfg = Release|Any CPU
		{63DE3954-6176-429F-AA46-FF5037250667}.Release|Any CPU.Build.0 = Release|Any CPU
		{63DE3954-6176-429F-AA46-FF5037250667}.Release|x64.ActiveCfg = Release|Any CPU
		{63DE3954-6176-429F-AA46-FF5037250667}.Release|x64.Build.0 = Release|Any CPU
		{63DE3954-6176-429F-AA46-FF5037250667}.Release|x86.ActiveCfg = Release|Any CPU
		{63DE3954-6176-429F-AA46-FF5037250667}.Release|x86.Build.0 = Release|Any CPU
	EndGlobalSection
	GlobalSection(SolutionProperties) = preSolution
		HideSolutionNode = FALSE
	EndGlobalSection
	GlobalSection(NestedProjects) = preSolution
		{8B1DB6A1-8E06-4722-AE65-92BC6577698C} = {1AE8ACA6-933B-BF2A-3671-3E2EAC007D16}
		{C6F2AF18-851E-4738-940E-EAB43DE35B18} = {CE609670-85B9-0D16-FB54-ED063D5D8A6D}
		{B2211385-21FA-43DC-AFEB-5564EB213E1F} = {C4BA56EF-DB65-492C-AD01-FB5BE4E498BB}
		{7CDF97CB-75AD-483E-A381-ECAE31AE0256} = {1AE8ACA6-933B-BF2A-3671-3E2EAC007D16}
		{D6B36615-1A4A-4936-AE2C-0D5EA6716CE0} = {1AE8ACA6-933B-BF2A-3671-3E2EAC007D16}
		{63DE3954-6176-429F-AA46-FF5037250667} = {1AE8ACA6-933B-BF2A-3671-3E2EAC007D16}
	EndGlobalSection
EndGlobal
