
Microsoft Visual Studio Solution File, Format Version 12.00
# Visual Studio Version 17
VisualStudioVersion = 17.0.31903.59
MinimumVisualStudioVersion = 10.0.40219.1
Project("{2150E333-8FDC-42A3-9474-1A3956D46DE8}") = "Shared", "Shared", "{4F52FD11-658E-A102-6CD3-7D7C16FFA15B}"
EndProject
Project("{FAE04EC0-301F-11D3-BF4B-00C04F79EFBC}") = "Shared", "Shared\Shared\Shared.csproj", "{82736911-3698-4077-BBE1-E16DF05E7601}"
EndProject
Project("{2150E333-8FDC-42A3-9474-1A3956D46DE8}") = "Backend", "Backend", "{1AE8ACA6-933B-BF2A-3671-3E2EAC007D16}"
EndProject
Project("{FAE04EC0-301F-11D3-BF4B-00C04F79EFBC}") = "TaskManager_API", "Backend\TaskManager_API\TaskManager_API.csproj", "{8B1DB6A1-8E06-4722-AE65-92BC6577698C}"
EndProject
Project("{2150E333-8FDC-42A3-9474-1A3956D46DE8}") = "Frontend", "Frontend", "{CE609670-85B9-0D16-FB54-ED063D5D8A6D}"
EndProject
Project("{FAE04EC0-301F-11D3-BF4B-00C04F79EFBC}") = "TaskManager_Client", "Frontend\TaskManager_Client\TaskManager_Client.csproj", "{C6F2AF18-851E-4738-940E-EAB43DE35B18}"
EndProject
Project("{FAE04EC0-301F-11D3-BF4B-00C04F79EFBC}") = "TestingAPI", "TestingAPI\TestingAPI.csproj", "{B2211385-21FA-43DC-AFEB-5564EB213E1F}"
EndProject
Project("{2150E333-8FDC-42A3-9474-1A3956D46DE8}") = "TestingAPI", "TestingAPI", "{C4BA56EF-DB65-492C-AD01-FB5BE4E498BB}"
EndProject
Global
	GlobalSection(SolutionConfigurationPlatforms) = preSolution
		Debug|Any CPU = Debug|Any CPU
		Debug|x64 = Debug|x64
		Debug|x86 = Debug|x86
		Release|Any CPU = Release|Any CPU
		Release|x64 = Release|x64
		Release|x86 = Release|x86
	EndGlobalSection
	GlobalSection(ProjectConfigurationPlatforms) = postSolution
		{82736911-3698-4077-BBE1-E16DF05E7601}.Debug|Any CPU.ActiveCfg = Debug|Any CPU
		{82736911-3698-4077-BBE1-E16DF05E7601}.Debug|Any CPU.Build.0 = Debug|Any CPU
		{82736911-3698-4077-BBE1-E16DF05E7601}.Debug|x64.ActiveCfg = Debug|Any CPU
		{82736911-3698-4077-BBE1-E16DF05E7601}.Debug|x64.Build.0 = Debug|Any CPU
		{82736911-3698-4077-BBE1-E16DF05E7601}.Debug|x86.ActiveCfg = Debug|Any CPU
		{82736911-3698-4077-BBE1-E16DF05E7601}.Debug|x86.Build.0 = Debug|Any CPU
		{82736911-3698-4077-BBE1-E16DF05E7601}.Release|Any CPU.ActiveCfg = Release|Any CPU
		{82736911-3698-4077-BBE1-E16DF05E7601}.Release|Any CPU.Build.0 = Release|Any CPU
		{82736911-3698-4077-BBE1-E16DF05E7601}.Release|x64.ActiveCfg = Release|Any CPU
		{82736911-3698-4077-BBE1-E16DF05E7601}.Release|x64.Build.0 = Release|Any CPU
		{82736911-3698-4077-BBE1-E16DF05E7601}.Release|x86.ActiveCfg = Release|Any CPU
		{82736911-3698-4077-BBE1-E16DF05E7601}.Release|x86.Build.0 = Release|Any CPU
		{8B1DB6A1-8E06-4722-AE65-92BC6577698C}.Debug|Any CPU.ActiveCfg = Debug|Any CPU
		{8B1DB6A1-8E06-4722-AE65-92BC6577698C}.Debug|Any CPU.Build.0 = Debug|Any CPU
		{8B1DB6A1-8E06-4722-AE65-92BC6577698C}.Debug|x64.ActiveCfg = Debug|Any CPU
		{8B1DB6A1-8E06-4722-AE65-92BC6577698C}.Debug|x64.Build.0 = Debug|Any CPU
		{8B1DB6A1-8E06-4722-AE65-92BC6577698C}.Debug|x86.ActiveCfg = Debug|Any CPU
		{8B1DB6A1-8E06-4722-AE65-92BC6577698C}.Debug|x86.Build.0 = Debug|Any CPU
		{8B1DB6A1-8E06-4722-AE65-92BC6577698C}.Release|Any CPU.ActiveCfg = Release|Any CPU
		{8B1DB6A1-8E06-4722-AE65-92BC6577698C}.Release|Any CPU.Build.0 = Release|Any CPU
		{8B1DB6A1-8E06-4722-AE65-92BC6577698C}.Release|x64.ActiveCfg = Release|Any CPU
		{8B1DB6A1-8E06-4722-AE65-92BC6577698C}.Release|x64.Build.0 = Release|Any CPU
		{8B1DB6A1-8E06-4722-AE65-92BC6577698C}.Release|x86.ActiveCfg = Release|Any CPU
		{8B1DB6A1-8E06-4722-AE65-92BC6577698C}.Release|x86.Build.0 = Release|Any CPU
		{C6F2AF18-851E-4738-940E-EAB43DE35B18}.Debug|Any CPU.ActiveCfg = Debug|Any CPU
		{C6F2AF18-851E-4738-940E-EAB43DE35B18}.Debug|Any CPU.Build.0 = Debug|Any CPU
		{C6F2AF18-851E-4738-940E-EAB43DE35B18}.Debug|x64.ActiveCfg = Debug|Any CPU
		{C6F2AF18-851E-4738-940E-EAB43DE35B18}.Debug|x64.Build.0 = Debug|Any CPU
		{C6F2AF18-851E-4738-940E-EAB43DE35B18}.Debug|x86.ActiveCfg = Debug|Any CPU
		{C6F2AF18-851E-4738-940E-EAB43DE35B18}.Debug|x86.Build.0 = Debug|Any CPU
		{C6F2AF18-851E-4738-940E-EAB43DE35B18}.Release|Any CPU.ActiveCfg = Release|Any CPU
		{C6F2AF18-851E-4738-940E-EAB43DE35B18}.Release|Any CPU.Build.0 = Release|Any CPU
		{C6F2AF18-851E-4738-940E-EAB43DE35B18}.Release|x64.ActiveCfg = Release|Any CPU
		{C6F2AF18-851E-4738-940E-EAB43DE35B18}.Release|x64.Build.0 = Release|Any CPU
		{C6F2AF18-851E-4738-940E-EAB43DE35B18}.Release|x86.ActiveCfg = Release|Any CPU
		{C6F2AF18-851E-4738-940E-EAB43DE35B18}.Release|x86.Build.0 = Release|Any CPU
		{B2211385-21FA-43DC-AFEB-5564EB213E1F}.Debug|Any CPU.ActiveCfg = Debug|Any CPU
		{B2211385-21FA-43DC-AFEB-5564EB213E1F}.Debug|Any CPU.Build.0 = Debug|Any CPU
		{B2211385-21FA-43DC-AFEB-5564EB213E1F}.Debug|x64.ActiveCfg = Debug|Any CPU
		{B2211385-21FA-43DC-AFEB-5564EB213E1F}.Debug|x64.Build.0 = Debug|Any CPU
		{B2211385-21FA-43DC-AFEB-5564EB213E1F}.Debug|x86.ActiveCfg = Debug|Any CPU
		{B2211385-21FA-43DC-AFEB-5564EB213E1F}.Debug|x86.Build.0 = Debug|Any CPU
		{B2211385-21FA-43DC-AFEB-5564EB213E1F}.Release|Any CPU.ActiveCfg = Release|Any CPU
		{B2211385-21FA-43DC-AFEB-5564EB213E1F}.Release|Any CPU.Build.0 = Release|Any CPU
		{B2211385-21FA-43DC-AFEB-5564EB213E1F}.Release|x64.ActiveCfg = Release|Any CPU
		{B2211385-21FA-43DC-AFEB-5564EB213E1F}.Release|x64.Build.0 = Release|Any CPU
		{B2211385-21FA-43DC-AFEB-5564EB213E1F}.Release|x86.ActiveCfg = Release|Any CPU
		{B2211385-21FA-43DC-AFEB-5564EB213E1F}.Release|x86.Build.0 = Release|Any CPU
	EndGlobalSection
	GlobalSection(SolutionProperties) = preSolution
		HideSolutionNode = FALSE
	EndGlobalSection
	GlobalSection(NestedProjects) = preSolution
		{82736911-3698-4077-BBE1-E16DF05E7601} = {4F52FD11-658E-A102-6CD3-7D7C16FFA15B}
		{8B1DB6A1-8E06-4722-AE65-92BC6577698C} = {1AE8ACA6-933B-BF2A-3671-3E2EAC007D16}
		{C6F2AF18-851E-4738-940E-EAB43DE35B18} = {CE609670-85B9-0D16-FB54-ED063D5D8A6D}
		{B2211385-21FA-43DC-AFEB-5564EB213E1F} = {C4BA56EF-DB65-492C-AD01-FB5BE4E498BB}
	EndGlobalSection
EndGlobal
